
Microsoft Visual Studio Solution File, Format Version 12.00
# Visual Studio Version 17
VisualStudioVersion = 17.11.35219.272
MinimumVisualStudioVersion = 10.0.40219.1
Project("{8BC9CEB8-8B4A-11D0-8D11-00A0C91BC942}") = "STL", "STL\STL.vcxproj", "{9824ED7F-09B0-4DEA-A1D1-DF8C3C35EB49}"
EndProject
Project("{8BC9CEB8-8B4A-11D0-8D11-00A0C91BC942}") = "AssociativeContainers", "AssociativeContainers\AssociativeContainers.vcxproj", "{E543C705-7682-4FBA-92D5-1B3B9C518B13}"
EndProject
Global
	GlobalSection(SolutionConfigurationPlatforms) = preSolution
		Debug|x64 = Debug|x64
		Debug|x86 = Debug|x86
		Release|x64 = Release|x64
		Release|x86 = Release|x86
	EndGlobalSection
	GlobalSection(ProjectConfigurationPlatforms) = postSolution
		{9824ED7F-09B0-4DEA-A1D1-DF8C3C35EB49}.Debug|x64.ActiveCfg = Debug|x64
		{9824ED7F-09B0-4DEA-A1D1-DF8C3C35EB49}.Debug|x64.Build.0 = Debug|x64
		{9824ED7F-09B0-4DEA-A1D1-DF8C3C35EB49}.Debug|x86.ActiveCfg = Debug|Win32
		{9824ED7F-09B0-4DEA-A1D1-DF8C3C35EB49}.Debug|x86.Build.0 = Debug|Win32
		{9824ED7F-09B0-4DEA-A1D1-DF8C3C35EB49}.Release|x64.ActiveCfg = Release|x64
		{9824ED7F-09B0-4DEA-A1D1-DF8C3C35EB49}.Release|x64.Build.0 = Release|x64
		{9824ED7F-09B0-4DEA-A1D1-DF8C3C35EB49}.Release|x86.ActiveCfg = Release|Win32
		{9824ED7F-09B0-4DEA-A1D1-DF8C3C35EB49}.Release|x86.Build.0 = Release|Win32
		{E543C705-7682-4FBA-92D5-1B3B9C518B13}.Debug|x64.ActiveCfg = Debug|x64
		{E543C705-7682-4FBA-92D5-1B3B9C518B13}.Debug|x64.Build.0 = Debug|x64
		{E543C705-7682-4FBA-92D5-1B3B9C518B13}.Debug|x86.ActiveCfg = Debug|Win32
		{E543C705-7682-4FBA-92D5-1B3B9C518B13}.Debug|x86.Build.0 = Debug|Win32
		{E543C705-7682-4FBA-92D5-1B3B9C518B13}.Release|x64.ActiveCfg = Release|x64
		{E543C705-7682-4FBA-92D5-1B3B9C518B13}.Release|x64.Build.0 = Release|x64
		{E543C705-7682-4FBA-92D5-1B3B9C518B13}.Release|x86.ActiveCfg = Release|Win32
		{E543C705-7682-4FBA-92D5-1B3B9C518B13}.Release|x86.Build.0 = Release|Win32
	EndGlobalSection
	GlobalSection(SolutionProperties) = preSolution
		HideSolutionNode = FALSE
	EndGlobalSection
	GlobalSection(ExtensibilityGlobals) = postSolution
		SolutionGuid = {9D0DB997-880F-488F-84D0-4394CE53BC0D}
	EndGlobalSection
EndGlobal
